
Microsoft Visual Studio Solution File, Format Version 12.00
# Visual Studio Version 17
VisualStudioVersion = 17.0.32112.339
MinimumVisualStudioVersion = 10.0.40219.1
Project("{FAE04EC0-301F-11D3-BF4B-00C04F79EFBC}") = "OrderTransfer", "OrderTransfer.csproj", "{26084A4B-1D21-4CC6-8646-E8F014AF27C3}"
EndProject
Global
	GlobalSection(SolutionConfigurationPlatforms) = preSolution
		Debug|Any CPU = Debug|Any CPU
		Release|Any CPU = Release|Any CPU
	EndGlobalSection
	GlobalSection(ProjectConfigurationPlatforms) = postSolution
		{26084A4B-1D21-4CC6-8646-E8F014AF27C3}.Debug|Any CPU.ActiveCfg = Debug|Any CPU
		{26084A4B-1D21-4CC6-8646-E8F014AF27C3}.Debug|Any CPU.Build.0 = Debug|Any CPU
		{26084A4B-1D21-4CC6-8646-E8F014AF27C3}.Release|Any CPU.ActiveCfg = Release|Any CPU
		{26084A4B-1D21-4CC6-8646-E8F014AF27C3}.Release|Any CPU.Build.0 = Release|Any CPU
	EndGlobalSection
	GlobalSection(SolutionProperties) = preSolution
		HideSolutionNode = FALSE
	EndGlobalSection
	GlobalSection(ExtensibilityGlobals) = postSolution
		SolutionGuid = {BD428B57-4FAC-4A80-9DC1-A66C80483DCC}
	EndGlobalSection
EndGlobal
